
Microsoft Visual Studio Solution File, Format Version 12.00
# Visual Studio Version 17
VisualStudioVersion = 17.9.34622.214
MinimumVisualStudioVersion = 10.0.40219.1
Project("{9A19103F-16F7-4668-BE54-9A1E7A4F7556}") = "CodeSamples", "CodeSamples.csproj", "{F1A6114F-974E-45B9-BEBA-7BC09013FA08}"
EndProject
Project("{9A19103F-16F7-4668-BE54-9A1E7A4F7556}") = "WebApiStuff", "..\WebApiStuff\WebApiStuff.csproj", "{B46BFDDF-25B5-4EED-A40D-9FA62E5DE5A2}"
EndProject
Project("{9A19103F-16F7-4668-BE54-9A1E7A4F7556}") = "CodeTests", "..\CodeTests\CodeTests.csproj", "{BAFD63FB-2D6C-449C-AEB6-37C34B72D77F}"
EndProject
Project("{9A19103F-16F7-4668-BE54-9A1E7A4F7556}") = "KeyedDemo", "..\KeyedDemo\KeyedDemo.csproj", "{44F72E71-8CB5-4795-A8ED-C18789E224C5}"
EndProject
Project("{9A19103F-16F7-4668-BE54-9A1E7A4F7556}") = "KeyedDemoMinimal", "..\KeyedDemoMinimal\KeyedDemoMinimal.csproj", "{A14C123C-DC13-407D-B240-78CC2B11EAFF}"
EndProject
Project("{9A19103F-16F7-4668-BE54-9A1E7A4F7556}") = "OptionsValidatorDemo", "..\OptionsValidatorDemo\OptionsValidatorDemo.csproj", "{CCCFA8CB-72A0-4039-B3B0-78CB5FF07C00}"
EndProject
Project("{9A19103F-16F7-4668-BE54-9A1E7A4F7556}") = "PrimaryConstructorsDemo", "..\PrimaryConstructorsDemo\PrimaryConstructorsDemo.csproj", "{6A41CE3D-C1FD-4AF7-BD42-A83CA97283AE}"
EndProject
Project("{9A19103F-16F7-4668-BE54-9A1E7A4F7556}") = "CollectionExpressionsDemo", "..\CollectionExpressionsDemo\CollectionExpressionsDemo.csproj", "{419D68B4-33F1-498C-9DAA-AF42DAFED5AF}"
EndProject
Project("{9A19103F-16F7-4668-BE54-9A1E7A4F7556}") = "RefReadonlyParametersDemo", "..\RefReadonlyParametersDemo\RefReadonlyParametersDemo.csproj", "{66FD8DB3-2A35-4044-981E-A60BEE87F795}"
EndProject
Project("{9A19103F-16F7-4668-BE54-9A1E7A4F7556}") = "DefaultLambdaParameters", "..\DefaultLambdaParameters\DefaultLambdaParameters.csproj", "{5F3063BB-9170-46B8-9107-DCA5383D8ACB}"
EndProject
Project("{9A19103F-16F7-4668-BE54-9A1E7A4F7556}") = "AliasAnyTypeDemo", "..\AliasAnyTypeDemo\AliasAnyTypeDemo.csproj", "{4C169F57-8021-4C5D-9535-2F77C4D0F6B8}"
EndProject
Project("{9A19103F-16F7-4668-BE54-9A1E7A4F7556}") = "ExperimentalAttributeDemo", "..\ExperimentalAttributeDemo\ExperimentalAttributeDemo.csproj", "{29D4E161-370D-44FC-BFD2-0CAB471EAA7C}"
EndProject
Project("{9A19103F-16F7-4668-BE54-9A1E7A4F7556}") = "InterceptorDemo", "..\InterceptorDemo\InterceptorDemo.csproj", "{0D2F141D-5DFD-49A0-90E9-7DA41D6F204F}"
EndProject
Project("{9A19103F-16F7-4668-BE54-9A1E7A4F7556}") = "NativeAOTDemo", "..\NativeAOTDemo\NativeAOTDemo.csproj", "{97A61F47-0369-44CB-B064-B9795507B02C}"
EndProject
Project("{9A19103F-16F7-4668-BE54-9A1E7A4F7556}") = "ExceptionHandlingDemo", "..\ExceptionHandlingDemo\ExceptionHandlingDemo.csproj", "{666DEF0A-7092-44EB-BE60-C4EBA26B5508}"
EndProject
Project("{9A19103F-16F7-4668-BE54-9A1E7A4F7556}") = "NewAuthDemo", "..\NewAuthDemo\NewAuthDemo.csproj", "{08C9E2E4-6980-4F54-9FA2-1B9FAF266BCF}"
EndProject
Project("{FAE04EC0-301F-11D3-BF4B-00C04F79EFBC}") = "DataAnnotationsDemo", "..\DataAnnotationsDemo\DataAnnotationsDemo.csproj", "{73D991E6-68D1-46B0-B424-4ED30851B375}"
EndProject
Global
	GlobalSection(SolutionConfigurationPlatforms) = preSolution
		Debug|Any CPU = Debug|Any CPU
		Debug|x64 = Debug|x64
		Debug|x86 = Debug|x86
		Release|Any CPU = Release|Any CPU
		Release|x64 = Release|x64
		Release|x86 = Release|x86
	EndGlobalSection
	GlobalSection(ProjectConfigurationPlatforms) = postSolution
		{F1A6114F-974E-45B9-BEBA-7BC09013FA08}.Debug|Any CPU.ActiveCfg = Debug|Any CPU
		{F1A6114F-974E-45B9-BEBA-7BC09013FA08}.Debug|Any CPU.Build.0 = Debug|Any CPU
		{F1A6114F-974E-45B9-BEBA-7BC09013FA08}.Debug|x64.ActiveCfg = Debug|Any CPU
		{F1A6114F-974E-45B9-BEBA-7BC09013FA08}.Debug|x64.Build.0 = Debug|Any CPU
		{F1A6114F-974E-45B9-BEBA-7BC09013FA08}.Debug|x86.ActiveCfg = Debug|Any CPU
		{F1A6114F-974E-45B9-BEBA-7BC09013FA08}.Debug|x86.Build.0 = Debug|Any CPU
		{F1A6114F-974E-45B9-BEBA-7BC09013FA08}.Release|Any CPU.ActiveCfg = Release|Any CPU
		{F1A6114F-974E-45B9-BEBA-7BC09013FA08}.Release|Any CPU.Build.0 = Release|Any CPU
		{F1A6114F-974E-45B9-BEBA-7BC09013FA08}.Release|x64.ActiveCfg = Release|Any CPU
		{F1A6114F-974E-45B9-BEBA-7BC09013FA08}.Release|x64.Build.0 = Release|Any CPU
		{F1A6114F-974E-45B9-BEBA-7BC09013FA08}.Release|x86.ActiveCfg = Release|Any CPU
		{F1A6114F-974E-45B9-BEBA-7BC09013FA08}.Release|x86.Build.0 = Release|Any CPU
		{B46BFDDF-25B5-4EED-A40D-9FA62E5DE5A2}.Debug|Any CPU.ActiveCfg = Debug|Any CPU
		{B46BFDDF-25B5-4EED-A40D-9FA62E5DE5A2}.Debug|Any CPU.Build.0 = Debug|Any CPU
		{B46BFDDF-25B5-4EED-A40D-9FA62E5DE5A2}.Debug|x64.ActiveCfg = Debug|Any CPU
		{B46BFDDF-25B5-4EED-A40D-9FA62E5DE5A2}.Debug|x64.Build.0 = Debug|Any CPU
		{B46BFDDF-25B5-4EED-A40D-9FA62E5DE5A2}.Debug|x86.ActiveCfg = Debug|Any CPU
		{B46BFDDF-25B5-4EED-A40D-9FA62E5DE5A2}.Debug|x86.Build.0 = Debug|Any CPU
		{B46BFDDF-25B5-4EED-A40D-9FA62E5DE5A2}.Release|Any CPU.ActiveCfg = Release|Any CPU
		{B46BFDDF-25B5-4EED-A40D-9FA62E5DE5A2}.Release|Any CPU.Build.0 = Release|Any CPU
		{B46BFDDF-25B5-4EED-A40D-9FA62E5DE5A2}.Release|x64.ActiveCfg = Release|Any CPU
		{B46BFDDF-25B5-4EED-A40D-9FA62E5DE5A2}.Release|x64.Build.0 = Release|Any CPU
		{B46BFDDF-25B5-4EED-A40D-9FA62E5DE5A2}.Release|x86.ActiveCfg = Release|Any CPU
		{B46BFDDF-25B5-4EED-A40D-9FA62E5DE5A2}.Release|x86.Build.0 = Release|Any CPU
		{BAFD63FB-2D6C-449C-AEB6-37C34B72D77F}.Debug|Any CPU.ActiveCfg = Debug|Any CPU
		{BAFD63FB-2D6C-449C-AEB6-37C34B72D77F}.Debug|Any CPU.Build.0 = Debug|Any CPU
		{BAFD63FB-2D6C-449C-AEB6-37C34B72D77F}.Debug|x64.ActiveCfg = Debug|Any CPU
		{BAFD63FB-2D6C-449C-AEB6-37C34B72D77F}.Debug|x64.Build.0 = Debug|Any CPU
		{BAFD63FB-2D6C-449C-AEB6-37C34B72D77F}.Debug|x86.ActiveCfg = Debug|Any CPU
		{BAFD63FB-2D6C-449C-AEB6-37C34B72D77F}.Debug|x86.Build.0 = Debug|Any CPU
		{BAFD63FB-2D6C-449C-AEB6-37C34B72D77F}.Release|Any CPU.ActiveCfg = Release|Any CPU
		{BAFD63FB-2D6C-449C-AEB6-37C34B72D77F}.Release|Any CPU.Build.0 = Release|Any CPU
		{BAFD63FB-2D6C-449C-AEB6-37C34B72D77F}.Release|x64.ActiveCfg = Release|Any CPU
		{BAFD63FB-2D6C-449C-AEB6-37C34B72D77F}.Release|x64.Build.0 = Release|Any CPU
		{BAFD63FB-2D6C-449C-AEB6-37C34B72D77F}.Release|x86.ActiveCfg = Release|Any CPU
		{BAFD63FB-2D6C-449C-AEB6-37C34B72D77F}.Release|x86.Build.0 = Release|Any CPU
		{44F72E71-8CB5-4795-A8ED-C18789E224C5}.Debug|Any CPU.ActiveCfg = Debug|Any CPU
		{44F72E71-8CB5-4795-A8ED-C18789E224C5}.Debug|Any CPU.Build.0 = Debug|Any CPU
		{44F72E71-8CB5-4795-A8ED-C18789E224C5}.Debug|x64.ActiveCfg = Debug|Any CPU
		{44F72E71-8CB5-4795-A8ED-C18789E224C5}.Debug|x64.Build.0 = Debug|Any CPU
		{44F72E71-8CB5-4795-A8ED-C18789E224C5}.Debug|x86.ActiveCfg = Debug|Any CPU
		{44F72E71-8CB5-4795-A8ED-C18789E224C5}.Debug|x86.Build.0 = Debug|Any CPU
		{44F72E71-8CB5-4795-A8ED-C18789E224C5}.Release|Any CPU.ActiveCfg = Release|Any CPU
		{44F72E71-8CB5-4795-A8ED-C18789E224C5}.Release|Any CPU.Build.0 = Release|Any CPU
		{44F72E71-8CB5-4795-A8ED-C18789E224C5}.Release|x64.ActiveCfg = Release|Any CPU
		{44F72E71-8CB5-4795-A8ED-C18789E224C5}.Release|x64.Build.0 = Release|Any CPU
		{44F72E71-8CB5-4795-A8ED-C18789E224C5}.Release|x86.ActiveCfg = Release|Any CPU
		{44F72E71-8CB5-4795-A8ED-C18789E224C5}.Release|x86.Build.0 = Release|Any CPU
		{A14C123C-DC13-407D-B240-78CC2B11EAFF}.Debug|Any CPU.ActiveCfg = Debug|Any CPU
		{A14C123C-DC13-407D-B240-78CC2B11EAFF}.Debug|Any CPU.Build.0 = Debug|Any CPU
		{A14C123C-DC13-407D-B240-78CC2B11EAFF}.Debug|x64.ActiveCfg = Debug|Any CPU
		{A14C123C-DC13-407D-B240-78CC2B11EAFF}.Debug|x64.Build.0 = Debug|Any CPU
		{A14C123C-DC13-407D-B240-78CC2B11EAFF}.Debug|x86.ActiveCfg = Debug|Any CPU
		{A14C123C-DC13-407D-B240-78CC2B11EAFF}.Debug|x86.Build.0 = Debug|Any CPU
		{A14C123C-DC13-407D-B240-78CC2B11EAFF}.Release|Any CPU.ActiveCfg = Release|Any CPU
		{A14C123C-DC13-407D-B240-78CC2B11EAFF}.Release|Any CPU.Build.0 = Release|Any CPU
		{A14C123C-DC13-407D-B240-78CC2B11EAFF}.Release|x64.ActiveCfg = Release|Any CPU
		{A14C123C-DC13-407D-B240-78CC2B11EAFF}.Release|x64.Build.0 = Release|Any CPU
		{A14C123C-DC13-407D-B240-78CC2B11EAFF}.Release|x86.ActiveCfg = Release|Any CPU
		{A14C123C-DC13-407D-B240-78CC2B11EAFF}.Release|x86.Build.0 = Release|Any CPU
		{CCCFA8CB-72A0-4039-B3B0-78CB5FF07C00}.Debug|Any CPU.ActiveCfg = Debug|Any CPU
		{CCCFA8CB-72A0-4039-B3B0-78CB5FF07C00}.Debug|Any CPU.Build.0 = Debug|Any CPU
		{CCCFA8CB-72A0-4039-B3B0-78CB5FF07C00}.Debug|x64.ActiveCfg = Debug|Any CPU
		{CCCFA8CB-72A0-4039-B3B0-78CB5FF07C00}.Debug|x64.Build.0 = Debug|Any CPU
		{CCCFA8CB-72A0-4039-B3B0-78CB5FF07C00}.Debug|x86.ActiveCfg = Debug|Any CPU
		{CCCFA8CB-72A0-4039-B3B0-78CB5FF07C00}.Debug|x86.Build.0 = Debug|Any CPU
		{CCCFA8CB-72A0-4039-B3B0-78CB5FF07C00}.Release|Any CPU.ActiveCfg = Release|Any CPU
		{CCCFA8CB-72A0-4039-B3B0-78CB5FF07C00}.Release|Any CPU.Build.0 = Release|Any CPU
		{CCCFA8CB-72A0-4039-B3B0-78CB5FF07C00}.Release|x64.ActiveCfg = Release|Any CPU
		{CCCFA8CB-72A0-4039-B3B0-78CB5FF07C00}.Release|x64.Build.0 = Release|Any CPU
		{CCCFA8CB-72A0-4039-B3B0-78CB5FF07C00}.Release|x86.ActiveCfg = Release|Any CPU
		{CCCFA8CB-72A0-4039-B3B0-78CB5FF07C00}.Release|x86.Build.0 = Release|Any CPU
		{6A41CE3D-C1FD-4AF7-BD42-A83CA97283AE}.Debug|Any CPU.ActiveCfg = Debug|Any CPU
		{6A41CE3D-C1FD-4AF7-BD42-A83CA97283AE}.Debug|Any CPU.Build.0 = Debug|Any CPU
		{6A41CE3D-C1FD-4AF7-BD42-A83CA97283AE}.Debug|x64.ActiveCfg = Debug|Any CPU
		{6A41CE3D-C1FD-4AF7-BD42-A83CA97283AE}.Debug|x64.Build.0 = Debug|Any CPU
		{6A41CE3D-C1FD-4AF7-BD42-A83CA97283AE}.Debug|x86.ActiveCfg = Debug|Any CPU
		{6A41CE3D-C1FD-4AF7-BD42-A83CA97283AE}.Debug|x86.Build.0 = Debug|Any CPU
		{6A41CE3D-C1FD-4AF7-BD42-A83CA97283AE}.Release|Any CPU.ActiveCfg = Release|Any CPU
		{6A41CE3D-C1FD-4AF7-BD42-A83CA97283AE}.Release|Any CPU.Build.0 = Release|Any CPU
		{6A41CE3D-C1FD-4AF7-BD42-A83CA97283AE}.Release|x64.ActiveCfg = Release|Any CPU
		{6A41CE3D-C1FD-4AF7-BD42-A83CA97283AE}.Release|x64.Build.0 = Release|Any CPU
		{6A41CE3D-C1FD-4AF7-BD42-A83CA97283AE}.Release|x86.ActiveCfg = Release|Any CPU
		{6A41CE3D-C1FD-4AF7-BD42-A83CA97283AE}.Release|x86.Build.0 = Release|Any CPU
		{419D68B4-33F1-498C-9DAA-AF42DAFED5AF}.Debug|Any CPU.ActiveCfg = Debug|Any CPU
		{419D68B4-33F1-498C-9DAA-AF42DAFED5AF}.Debug|Any CPU.Build.0 = Debug|Any CPU
		{419D68B4-33F1-498C-9DAA-AF42DAFED5AF}.Debug|x64.ActiveCfg = Debug|Any CPU
		{419D68B4-33F1-498C-9DAA-AF42DAFED5AF}.Debug|x64.Build.0 = Debug|Any CPU
		{419D68B4-33F1-498C-9DAA-AF42DAFED5AF}.Debug|x86.ActiveCfg = Debug|Any CPU
		{419D68B4-33F1-498C-9DAA-AF42DAFED5AF}.Debug|x86.Build.0 = Debug|Any CPU
		{419D68B4-33F1-498C-9DAA-AF42DAFED5AF}.Release|Any CPU.ActiveCfg = Release|Any CPU
		{419D68B4-33F1-498C-9DAA-AF42DAFED5AF}.Release|Any CPU.Build.0 = Release|Any CPU
		{419D68B4-33F1-498C-9DAA-AF42DAFED5AF}.Release|x64.ActiveCfg = Release|Any CPU
		{419D68B4-33F1-498C-9DAA-AF42DAFED5AF}.Release|x64.Build.0 = Release|Any CPU
		{419D68B4-33F1-498C-9DAA-AF42DAFED5AF}.Release|x86.ActiveCfg = Release|Any CPU
		{419D68B4-33F1-498C-9DAA-AF42DAFED5AF}.Release|x86.Build.0 = Release|Any CPU
		{66FD8DB3-2A35-4044-981E-A60BEE87F795}.Debug|Any CPU.ActiveCfg = Debug|Any CPU
		{66FD8DB3-2A35-4044-981E-A60BEE87F795}.Debug|Any CPU.Build.0 = Debug|Any CPU
		{66FD8DB3-2A35-4044-981E-A60BEE87F795}.Debug|x64.ActiveCfg = Debug|Any CPU
		{66FD8DB3-2A35-4044-981E-A60BEE87F795}.Debug|x64.Build.0 = Debug|Any CPU
		{66FD8DB3-2A35-4044-981E-A60BEE87F795}.Debug|x86.ActiveCfg = Debug|Any CPU
		{66FD8DB3-2A35-4044-981E-A60BEE87F795}.Debug|x86.Build.0 = Debug|Any CPU
		{66FD8DB3-2A35-4044-981E-A60BEE87F795}.Release|Any CPU.ActiveCfg = Release|Any CPU
		{66FD8DB3-2A35-4044-981E-A60BEE87F795}.Release|Any CPU.Build.0 = Release|Any CPU
		{66FD8DB3-2A35-4044-981E-A60BEE87F795}.Release|x64.ActiveCfg = Release|Any CPU
		{66FD8DB3-2A35-4044-981E-A60BEE87F795}.Release|x64.Build.0 = Release|Any CPU
		{66FD8DB3-2A35-4044-981E-A60BEE87F795}.Release|x86.ActiveCfg = Release|Any CPU
		{66FD8DB3-2A35-4044-981E-A60BEE87F795}.Release|x86.Build.0 = Release|Any CPU
		{5F3063BB-9170-46B8-9107-DCA5383D8ACB}.Debug|Any CPU.ActiveCfg = Debug|Any CPU
		{5F3063BB-9170-46B8-9107-DCA5383D8ACB}.Debug|Any CPU.Build.0 = Debug|Any CPU
		{5F3063BB-9170-46B8-9107-DCA5383D8ACB}.Debug|x64.ActiveCfg = Debug|Any CPU
		{5F3063BB-9170-46B8-9107-DCA5383D8ACB}.Debug|x64.Build.0 = Debug|Any CPU
		{5F3063BB-9170-46B8-9107-DCA5383D8ACB}.Debug|x86.ActiveCfg = Debug|Any CPU
		{5F3063BB-9170-46B8-9107-DCA5383D8ACB}.Debug|x86.Build.0 = Debug|Any CPU
		{5F3063BB-9170-46B8-9107-DCA5383D8ACB}.Release|Any CPU.ActiveCfg = Release|Any CPU
		{5F3063BB-9170-46B8-9107-DCA5383D8ACB}.Release|Any CPU.Build.0 = Release|Any CPU
		{5F3063BB-9170-46B8-9107-DCA5383D8ACB}.Release|x64.ActiveCfg = Release|Any CPU
		{5F3063BB-9170-46B8-9107-DCA5383D8ACB}.Release|x64.Build.0 = Release|Any CPU
		{5F3063BB-9170-46B8-9107-DCA5383D8ACB}.Release|x86.ActiveCfg = Release|Any CPU
		{5F3063BB-9170-46B8-9107-DCA5383D8ACB}.Release|x86.Build.0 = Release|Any CPU
		{4C169F57-8021-4C5D-9535-2F77C4D0F6B8}.Debug|Any CPU.ActiveCfg = Debug|Any CPU
		{4C169F57-8021-4C5D-9535-2F77C4D0F6B8}.Debug|Any CPU.Build.0 = Debug|Any CPU
		{4C169F57-8021-4C5D-9535-2F77C4D0F6B8}.Debug|x64.ActiveCfg = Debug|Any CPU
		{4C169F57-8021-4C5D-9535-2F77C4D0F6B8}.Debug|x64.Build.0 = Debug|Any CPU
		{4C169F57-8021-4C5D-9535-2F77C4D0F6B8}.Debug|x86.ActiveCfg = Debug|Any CPU
		{4C169F57-8021-4C5D-9535-2F77C4D0F6B8}.Debug|x86.Build.0 = Debug|Any CPU
		{4C169F57-8021-4C5D-9535-2F77C4D0F6B8}.Release|Any CPU.ActiveCfg = Release|Any CPU
		{4C169F57-8021-4C5D-9535-2F77C4D0F6B8}.Release|Any CPU.Build.0 = Release|Any CPU
		{4C169F57-8021-4C5D-9535-2F77C4D0F6B8}.Release|x64.ActiveCfg = Release|Any CPU
		{4C169F57-8021-4C5D-9535-2F77C4D0F6B8}.Release|x64.Build.0 = Release|Any CPU
		{4C169F57-8021-4C5D-9535-2F77C4D0F6B8}.Release|x86.ActiveCfg = Release|Any CPU
		{4C169F57-8021-4C5D-9535-2F77C4D0F6B8}.Release|x86.Build.0 = Release|Any CPU
		{29D4E161-370D-44FC-BFD2-0CAB471EAA7C}.Debug|Any CPU.ActiveCfg = Debug|Any CPU
		{29D4E161-370D-44FC-BFD2-0CAB471EAA7C}.Debug|Any CPU.Build.0 = Debug|Any CPU
		{29D4E161-370D-44FC-BFD2-0CAB471EAA7C}.Debug|x64.ActiveCfg = Debug|Any CPU
		{29D4E161-370D-44FC-BFD2-0CAB471EAA7C}.Debug|x64.Build.0 = Debug|Any CPU
		{29D4E161-370D-44FC-BFD2-0CAB471EAA7C}.Debug|x86.ActiveCfg = Debug|Any CPU
		{29D4E161-370D-44FC-BFD2-0CAB471EAA7C}.Debug|x86.Build.0 = Debug|Any CPU
		{29D4E161-370D-44FC-BFD2-0CAB471EAA7C}.Release|Any CPU.ActiveCfg = Release|Any CPU
		{29D4E161-370D-44FC-BFD2-0CAB471EAA7C}.Release|Any CPU.Build.0 = Release|Any CPU
		{29D4E161-370D-44FC-BFD2-0CAB471EAA7C}.Release|x64.ActiveCfg = Release|Any CPU
		{29D4E161-370D-44FC-BFD2-0CAB471EAA7C}.Release|x64.Build.0 = Release|Any CPU
		{29D4E161-370D-44FC-BFD2-0CAB471EAA7C}.Release|x86.ActiveCfg = Release|Any CPU
		{29D4E161-370D-44FC-BFD2-0CAB471EAA7C}.Release|x86.Build.0 = Release|Any CPU
		{0D2F141D-5DFD-49A0-90E9-7DA41D6F204F}.Debug|Any CPU.ActiveCfg = Debug|Any CPU
		{0D2F141D-5DFD-49A0-90E9-7DA41D6F204F}.Debug|Any CPU.Build.0 = Debug|Any CPU
		{0D2F141D-5DFD-49A0-90E9-7DA41D6F204F}.Debug|x64.ActiveCfg = Debug|Any CPU
		{0D2F141D-5DFD-49A0-90E9-7DA41D6F204F}.Debug|x64.Build.0 = Debug|Any CPU
		{0D2F141D-5DFD-49A0-90E9-7DA41D6F204F}.Debug|x86.ActiveCfg = Debug|Any CPU
		{0D2F141D-5DFD-49A0-90E9-7DA41D6F204F}.Debug|x86.Build.0 = Debug|Any CPU
		{0D2F141D-5DFD-49A0-90E9-7DA41D6F204F}.Release|Any CPU.ActiveCfg = Release|Any CPU
		{0D2F141D-5DFD-49A0-90E9-7DA41D6F204F}.Release|Any CPU.Build.0 = Release|Any CPU
		{0D2F141D-5DFD-49A0-90E9-7DA41D6F204F}.Release|x64.ActiveCfg = Release|Any CPU
		{0D2F141D-5DFD-49A0-90E9-7DA41D6F204F}.Release|x64.Build.0 = Release|Any CPU
		{0D2F141D-5DFD-49A0-90E9-7DA41D6F204F}.Release|x86.ActiveCfg = Release|Any CPU
		{0D2F141D-5DFD-49A0-90E9-7DA41D6F204F}.Release|x86.Build.0 = Release|Any CPU
		{97A61F47-0369-44CB-B064-B9795507B02C}.Debug|Any CPU.ActiveCfg = Debug|Any CPU
		{97A61F47-0369-44CB-B064-B9795507B02C}.Debug|Any CPU.Build.0 = Debug|Any CPU
		{97A61F47-0369-44CB-B064-B9795507B02C}.Debug|x64.ActiveCfg = Debug|Any CPU
		{97A61F47-0369-44CB-B064-B9795507B02C}.Debug|x64.Build.0 = Debug|Any CPU
		{97A61F47-0369-44CB-B064-B9795507B02C}.Debug|x86.ActiveCfg = Debug|Any CPU
		{97A61F47-0369-44CB-B064-B9795507B02C}.Debug|x86.Build.0 = Debug|Any CPU
		{97A61F47-0369-44CB-B064-B9795507B02C}.Release|Any CPU.ActiveCfg = Release|Any CPU
		{97A61F47-0369-44CB-B064-B9795507B02C}.Release|Any CPU.Build.0 = Release|Any CPU
		{97A61F47-0369-44CB-B064-B9795507B02C}.Release|x64.ActiveCfg = Release|Any CPU
		{97A61F47-0369-44CB-B064-B9795507B02C}.Release|x64.Build.0 = Release|Any CPU
		{97A61F47-0369-44CB-B064-B9795507B02C}.Release|x86.ActiveCfg = Release|Any CPU
		{97A61F47-0369-44CB-B064-B9795507B02C}.Release|x86.Build.0 = Release|Any CPU
		{666DEF0A-7092-44EB-BE60-C4EBA26B5508}.Debug|Any CPU.ActiveCfg = Debug|Any CPU
		{666DEF0A-7092-44EB-BE60-C4EBA26B5508}.Debug|Any CPU.Build.0 = Debug|Any CPU
		{666DEF0A-7092-44EB-BE60-C4EBA26B5508}.Debug|x64.ActiveCfg = Debug|Any CPU
		{666DEF0A-7092-44EB-BE60-C4EBA26B5508}.Debug|x64.Build.0 = Debug|Any CPU
		{666DEF0A-7092-44EB-BE60-C4EBA26B5508}.Debug|x86.ActiveCfg = Debug|Any CPU
		{666DEF0A-7092-44EB-BE60-C4EBA26B5508}.Debug|x86.Build.0 = Debug|Any CPU
		{666DEF0A-7092-44EB-BE60-C4EBA26B5508}.Release|Any CPU.ActiveCfg = Release|Any CPU
		{666DEF0A-7092-44EB-BE60-C4EBA26B5508}.Release|Any CPU.Build.0 = Release|Any CPU
		{666DEF0A-7092-44EB-BE60-C4EBA26B5508}.Release|x64.ActiveCfg = Release|Any CPU
		{666DEF0A-7092-44EB-BE60-C4EBA26B5508}.Release|x64.Build.0 = Release|Any CPU
		{666DEF0A-7092-44EB-BE60-C4EBA26B5508}.Release|x86.ActiveCfg = Release|Any CPU
		{666DEF0A-7092-44EB-BE60-C4EBA26B5508}.Release|x86.Build.0 = Release|Any CPU
		{08C9E2E4-6980-4F54-9FA2-1B9FAF266BCF}.Debug|Any CPU.ActiveCfg = Debug|Any CPU
		{08C9E2E4-6980-4F54-9FA2-1B9FAF266BCF}.Debug|Any CPU.Build.0 = Debug|Any CPU
		{08C9E2E4-6980-4F54-9FA2-1B9FAF266BCF}.Debug|x64.ActiveCfg = Debug|Any CPU
		{08C9E2E4-6980-4F54-9FA2-1B9FAF266BCF}.Debug|x64.Build.0 = Debug|Any CPU
		{08C9E2E4-6980-4F54-9FA2-1B9FAF266BCF}.Debug|x86.ActiveCfg = Debug|Any CPU
		{08C9E2E4-6980-4F54-9FA2-1B9FAF266BCF}.Debug|x86.Build.0 = Debug|Any CPU
		{08C9E2E4-6980-4F54-9FA2-1B9FAF266BCF}.Release|Any CPU.ActiveCfg = Release|Any CPU
		{08C9E2E4-6980-4F54-9FA2-1B9FAF266BCF}.Release|Any CPU.Build.0 = Release|Any CPU
		{08C9E2E4-6980-4F54-9FA2-1B9FAF266BCF}.Release|x64.ActiveCfg = Release|Any CPU
		{08C9E2E4-6980-4F54-9FA2-1B9FAF266BCF}.Release|x64.Build.0 = Release|Any CPU
		{08C9E2E4-6980-4F54-9FA2-1B9FAF266BCF}.Release|x86.ActiveCfg = Release|Any CPU
		{08C9E2E4-6980-4F54-9FA2-1B9FAF266BCF}.Release|x86.Build.0 = Release|Any CPU
		{73D991E6-68D1-46B0-B424-4ED30851B375}.Debug|Any CPU.ActiveCfg = Debug|Any CPU
		{73D991E6-68D1-46B0-B424-4ED30851B375}.Debug|Any CPU.Build.0 = Debug|Any CPU
		{73D991E6-68D1-46B0-B424-4ED30851B375}.Debug|x64.ActiveCfg = Debug|Any CPU
		{73D991E6-68D1-46B0-B424-4ED30851B375}.Debug|x64.Build.0 = Debug|Any CPU
		{73D991E6-68D1-46B0-B424-4ED30851B375}.Debug|x86.ActiveCfg = Debug|Any CPU
		{73D991E6-68D1-46B0-B424-4ED30851B375}.Debug|x86.Build.0 = Debug|Any CPU
		{73D991E6-68D1-46B0-B424-4ED30851B375}.Release|Any CPU.ActiveCfg = Release|Any CPU
		{73D991E6-68D1-46B0-B424-4ED30851B375}.Release|Any CPU.Build.0 = Release|Any CPU
		{73D991E6-68D1-46B0-B424-4ED30851B375}.Release|x64.ActiveCfg = Release|Any CPU
		{73D991E6-68D1-46B0-B424-4ED30851B375}.Release|x64.Build.0 = Release|Any CPU
		{73D991E6-68D1-46B0-B424-4ED30851B375}.Release|x86.ActiveCfg = Release|Any CPU
		{73D991E6-68D1-46B0-B424-4ED30851B375}.Release|x86.Build.0 = Release|Any CPU
	EndGlobalSection
	GlobalSection(SolutionProperties) = preSolution
		HideSolutionNode = FALSE
	EndGlobalSection
	GlobalSection(ExtensibilityGlobals) = postSolution
		SolutionGuid = {56C01FFB-DA26-4210-BFB2-91CACC486A23}
	EndGlobalSection
EndGlobal
